// !$*UTF8*$!
{
	archiveVersion = 1;
	classes = {
	};
	objectVersion = 55;
	objects = {

/* Begin PBXBuildFile section */
		AA1F1F55293BE7B400F69361 /* CustomTableViewCell.swift in Sources */ = {isa = PBXBuildFile; fileRef = AA1F1F54293BE7B400F69361 /* CustomTableViewCell.swift */; };
		AA27F65428AD073700516590 /* AppDelegate.swift in Sources */ = {isa = PBXBuildFile; fileRef = AA27F65328AD073700516590 /* AppDelegate.swift */; };
		AA27F65628AD073700516590 /* SceneDelegate.swift in Sources */ = {isa = PBXBuildFile; fileRef = AA27F65528AD073700516590 /* SceneDelegate.swift */; };
		AA27F65D28AD073A00516590 /* Assets.xcassets in Resources */ = {isa = PBXBuildFile; fileRef = AA27F65C28AD073A00516590 /* Assets.xcassets */; };
		AA27F66028AD073A00516590 /* LaunchScreen.storyboard in Resources */ = {isa = PBXBuildFile; fileRef = AA27F65E28AD073A00516590 /* LaunchScreen.storyboard */; };
		AA27F66828AD318D00516590 /* FeedViewController.swift in Sources */ = {isa = PBXBuildFile; fileRef = AA27F66728AD318D00516590 /* FeedViewController.swift */; };
		AA27F66C28AD665600516590 /* PostViewController.swift in Sources */ = {isa = PBXBuildFile; fileRef = AA27F66B28AD665600516590 /* PostViewController.swift */; };
		AA27F66E28AD782700516590 /* Post.swift in Sources */ = {isa = PBXBuildFile; fileRef = AA27F66D28AD782700516590 /* Post.swift */; };
		AA27F67228AD813900516590 /* InfoViewController.swift in Sources */ = {isa = PBXBuildFile; fileRef = AA27F67128AD813900516590 /* InfoViewController.swift */; };
		AAB2790B29452855005D17AD /* PhotosTableViewCell.swift in Sources */ = {isa = PBXBuildFile; fileRef = AAB2790A29452855005D17AD /* PhotosTableViewCell.swift */; };
		AAB2790D29455784005D17AD /* PhotosCollectionViewCell.swift in Sources */ = {isa = PBXBuildFile; fileRef = AAB2790C29455784005D17AD /* PhotosCollectionViewCell.swift */; };
		AAB2790F294616DF005D17AD /* PhotosViewController.swift in Sources */ = {isa = PBXBuildFile; fileRef = AAB2790E294616DF005D17AD /* PhotosViewController.swift */; };
		AAD8EDC62923E30800C59566 /* LogInViewController.swift in Sources */ = {isa = PBXBuildFile; fileRef = AAD8EDC52923E30800C59566 /* LogInViewController.swift */; };
		AADB37E028BE71CE00E2A374 /* ProfileHeaderView.swift in Sources */ = {isa = PBXBuildFile; fileRef = AADB37DF28BE71CE00E2A374 /* ProfileHeaderView.swift */; };
		AADB37E228BEA31C00E2A374 /* ProfileViewController.swift in Sources */ = {isa = PBXBuildFile; fileRef = AADB37E128BEA31C00E2A374 /* ProfileViewController.swift */; };
/* End PBXBuildFile section */

/* Begin PBXFileReference section */
		AA1F1F54293BE7B400F69361 /* CustomTableViewCell.swift */ = {isa = PBXFileReference; lastKnownFileType = sourcecode.swift; path = CustomTableViewCell.swift; sourceTree = "<group>"; };
		AA27F65028AD073700516590 /* Navigation.app */ = {isa = PBXFileReference; explicitFileType = wrapper.application; includeInIndex = 0; path = Navigation.app; sourceTree = BUILT_PRODUCTS_DIR; };
		AA27F65328AD073700516590 /* AppDelegate.swift */ = {isa = PBXFileReference; lastKnownFileType = sourcecode.swift; path = AppDelegate.swift; sourceTree = "<group>"; };
		AA27F65528AD073700516590 /* SceneDelegate.swift */ = {isa = PBXFileReference; lastKnownFileType = sourcecode.swift; path = SceneDelegate.swift; sourceTree = "<group>"; };
		AA27F65C28AD073A00516590 /* Assets.xcassets */ = {isa = PBXFileReference; lastKnownFileType = folder.assetcatalog; path = Assets.xcassets; sourceTree = "<group>"; };
		AA27F65F28AD073A00516590 /* Base */ = {isa = PBXFileReference; lastKnownFileType = file.storyboard; name = Base; path = Base.lproj/LaunchScreen.storyboard; sourceTree = "<group>"; };
		AA27F66128AD073A00516590 /* Info.plist */ = {isa = PBXFileReference; lastKnownFileType = text.plist.xml; path = Info.plist; sourceTree = "<group>"; };
		AA27F66728AD318D00516590 /* FeedViewController.swift */ = {isa = PBXFileReference; lastKnownFileType = sourcecode.swift; path = FeedViewController.swift; sourceTree = "<group>"; };
		AA27F66B28AD665600516590 /* PostViewController.swift */ = {isa = PBXFileReference; lastKnownFileType = sourcecode.swift; path = PostViewController.swift; sourceTree = "<group>"; };
		AA27F66D28AD782700516590 /* Post.swift */ = {isa = PBXFileReference; lastKnownFileType = sourcecode.swift; path = Post.swift; sourceTree = "<group>"; };
		AA27F67128AD813900516590 /* InfoViewController.swift */ = {isa = PBXFileReference; lastKnownFileType = sourcecode.swift; path = InfoViewController.swift; sourceTree = "<group>"; };
		AAB2790A29452855005D17AD /* PhotosTableViewCell.swift */ = {isa = PBXFileReference; lastKnownFileType = sourcecode.swift; path = PhotosTableViewCell.swift; sourceTree = "<group>"; };
		AAB2790C29455784005D17AD /* PhotosCollectionViewCell.swift */ = {isa = PBXFileReference; lastKnownFileType = sourcecode.swift; path = PhotosCollectionViewCell.swift; sourceTree = "<group>"; };
		AAB2790E294616DF005D17AD /* PhotosViewController.swift */ = {isa = PBXFileReference; lastKnownFileType = sourcecode.swift; path = PhotosViewController.swift; sourceTree = "<group>"; };
		AAD8EDC52923E30800C59566 /* LogInViewController.swift */ = {isa = PBXFileReference; lastKnownFileType = sourcecode.swift; path = LogInViewController.swift; sourceTree = "<group>"; };
		AADB37DF28BE71CE00E2A374 /* ProfileHeaderView.swift */ = {isa = PBXFileReference; lastKnownFileType = sourcecode.swift; path = ProfileHeaderView.swift; sourceTree = "<group>"; };
		AADB37E128BEA31C00E2A374 /* ProfileViewController.swift */ = {isa = PBXFileReference; lastKnownFileType = sourcecode.swift; path = ProfileViewController.swift; sourceTree = "<group>"; };
/* End PBXFileReference section */

/* Begin PBXFrameworksBuildPhase section */
		AA27F64D28AD073700516590 /* Frameworks */ = {
			isa = PBXFrameworksBuildPhase;
			buildActionMask = 2147483647;
			files = (
			);
			runOnlyForDeploymentPostprocessing = 0;
		};
/* End PBXFrameworksBuildPhase section */

/* Begin PBXGroup section */
		AA27F64728AD073700516590 = {
			isa = PBXGroup;
			children = (
				AA27F65228AD073700516590 /* Navigation */,
				AA27F65128AD073700516590 /* Products */,
			);
			sourceTree = "<group>";
		};
		AA27F65128AD073700516590 /* Products */ = {
			isa = PBXGroup;
			children = (
				AA27F65028AD073700516590 /* Navigation.app */,
			);
			name = Products;
			sourceTree = "<group>";
		};
		AA27F65228AD073700516590 /* Navigation */ = {
			isa = PBXGroup;
			children = (
				AA27F65328AD073700516590 /* AppDelegate.swift */,
				AA27F65528AD073700516590 /* SceneDelegate.swift */,
				AA27F65C28AD073A00516590 /* Assets.xcassets */,
				AA27F65E28AD073A00516590 /* LaunchScreen.storyboard */,
				AA27F66128AD073A00516590 /* Info.plist */,
				AA27F66728AD318D00516590 /* FeedViewController.swift */,
				AA27F66B28AD665600516590 /* PostViewController.swift */,
				AA27F67128AD813900516590 /* InfoViewController.swift */,
				AA27F66D28AD782700516590 /* Post.swift */,
				AADB37DE28BE71A300E2A374 /* Profile */,
			);
			path = Navigation;
			sourceTree = "<group>";
		};
		AADB37DE28BE71A300E2A374 /* Profile */ = {
			isa = PBXGroup;
			children = (
				AADB37DF28BE71CE00E2A374 /* ProfileHeaderView.swift */,
				AADB37E128BEA31C00E2A374 /* ProfileViewController.swift */,
				AAD8EDC52923E30800C59566 /* LogInViewController.swift */,
				AA1F1F54293BE7B400F69361 /* CustomTableViewCell.swift */,
				AAB2790A29452855005D17AD /* PhotosTableViewCell.swift */,
				AAB2790C29455784005D17AD /* PhotosCollectionViewCell.swift */,
				AAB2790E294616DF005D17AD /* PhotosViewController.swift */,
			);
			path = Profile;
			sourceTree = "<group>";
		};
/* End PBXGroup section */

/* Begin PBXNativeTarget section */
		AA27F64F28AD073700516590 /* Navigation */ = {
			isa = PBXNativeTarget;
			buildConfigurationList = AA27F66428AD073A00516590 /* Build configuration list for PBXNativeTarget "Navigation" */;
			buildPhases = (
				AA27F64C28AD073700516590 /* Sources */,
				AA27F64D28AD073700516590 /* Frameworks */,
				AA27F64E28AD073700516590 /* Resources */,
			);
			buildRules = (
			);
			dependencies = (
			);
			name = Navigation;
			productName = Navigation;
			productReference = AA27F65028AD073700516590 /* Navigation.app */;
			productType = "com.apple.product-type.application";
		};
/* End PBXNativeTarget section */

/* Begin PBXProject section */
		AA27F64828AD073700516590 /* Project object */ = {
			isa = PBXProject;
			attributes = {
				BuildIndependentTargetsInParallel = 1;
				LastSwiftUpdateCheck = 1340;
				LastUpgradeCheck = 1340;
				TargetAttributes = {
					AA27F64F28AD073700516590 = {
						CreatedOnToolsVersion = 13.4.1;
					};
				};
			};
			buildConfigurationList = AA27F64B28AD073700516590 /* Build configuration list for PBXProject "Navigation" */;
			compatibilityVersion = "Xcode 13.0";
			developmentRegion = en;
			hasScannedForEncodings = 0;
			knownRegions = (
				en,
				Base,
			);
			mainGroup = AA27F64728AD073700516590;
			productRefGroup = AA27F65128AD073700516590 /* Products */;
			projectDirPath = "";
			projectRoot = "";
			targets = (
				AA27F64F28AD073700516590 /* Navigation */,
			);
		};
/* End PBXProject section */

/* Begin PBXResourcesBuildPhase section */
		AA27F64E28AD073700516590 /* Resources */ = {
			isa = PBXResourcesBuildPhase;
			buildActionMask = 2147483647;
			files = (
				AA27F66028AD073A00516590 /* LaunchScreen.storyboard in Resources */,
				AA27F65D28AD073A00516590 /* Assets.xcassets in Resources */,
			);
			runOnlyForDeploymentPostprocessing = 0;
		};
/* End PBXResourcesBuildPhase section */

/* Begin PBXSourcesBuildPhase section */
		AA27F64C28AD073700516590 /* Sources */ = {
			isa = PBXSourcesBuildPhase;
			buildActionMask = 2147483647;
			files = (
				AAB2790B29452855005D17AD /* PhotosTableViewCell.swift in Sources */,
				AAB2790D29455784005D17AD /* PhotosCollectionViewCell.swift in Sources */,
				AA27F66C28AD665600516590 /* PostViewController.swift in Sources */,
				AADB37E228BEA31C00E2A374 /* ProfileViewController.swift in Sources */,
				AA27F65428AD073700516590 /* AppDelegate.swift in Sources */,
				AA1F1F55293BE7B400F69361 /* CustomTableViewCell.swift in Sources */,
				AADB37E028BE71CE00E2A374 /* ProfileHeaderView.swift in Sources */,
				AA27F66828AD318D00516590 /* FeedViewController.swift in Sources */,
				AA27F66E28AD782700516590 /* Post.swift in Sources */,
				AA27F67228AD813900516590 /* InfoViewController.swift in Sources */,
				AAB2790F294616DF005D17AD /* PhotosViewController.swift in Sources */,
				AAD8EDC62923E30800C59566 /* LogInViewController.swift in Sources */,
				AA27F65628AD073700516590 /* SceneDelegate.swift in Sources */,
			);
			runOnlyForDeploymentPostprocessing = 0;
		};
/* End PBXSourcesBuildPhase section */

/* Begin PBXVariantGroup section */
		AA27F65E28AD073A00516590 /* LaunchScreen.storyboard */ = {
			isa = PBXVariantGroup;
			children = (
				AA27F65F28AD073A00516590 /* Base */,
			);
			name = LaunchScreen.storyboard;
			sourceTree = "<group>";
		};
/* End PBXVariantGroup section */

/* Begin XCBuildConfiguration section */
		AA27F66228AD073A00516590 /* Debug */ = {
			isa = XCBuildConfiguration;
			buildSettings = {
				ALWAYS_SEARCH_USER_PATHS = NO;
				CLANG_ANALYZER_NONNULL = YES;
				CLANG_ANALYZER_NUMBER_OBJECT_CONVERSION = YES_AGGRESSIVE;
				CLANG_CXX_LANGUAGE_STANDARD = "gnu++17";
				CLANG_ENABLE_MODULES = YES;
				CLANG_ENABLE_OBJC_ARC = YES;
				CLANG_ENABLE_OBJC_WEAK = YES;
				CLANG_WARN_BLOCK_CAPTURE_AUTORELEASING = YES;
				CLANG_WARN_BOOL_CONVERSION = YES;
				CLANG_WARN_COMMA = YES;
				CLANG_WARN_CONSTANT_CONVERSION = YES;
				CLANG_WARN_DEPRECATED_OBJC_IMPLEMENTATIONS = YES;
				CLANG_WARN_DIRECT_OBJC_ISA_USAGE = YES_ERROR;
				CLANG_WARN_DOCUMENTATION_COMMENTS = YES;
				CLANG_WARN_EMPTY_BODY = YES;
				CLANG_WARN_ENUM_CONVERSION = YES;
				CLANG_WARN_INFINITE_RECURSION = YES;
				CLANG_WARN_INT_CONVERSION = YES;
				CLANG_WARN_NON_LITERAL_NULL_CONVERSION = YES;
				CLANG_WARN_OBJC_IMPLICIT_RETAIN_SELF = YES;
				CLANG_WARN_OBJC_LITERAL_CONVERSION = YES;
				CLANG_WARN_OBJC_ROOT_CLASS = YES_ERROR;
				CLANG_WARN_QUOTED_INCLUDE_IN_FRAMEWORK_HEADER = YES;
				CLANG_WARN_RANGE_LOOP_ANALYSIS = YES;
				CLANG_WARN_STRICT_PROTOTYPES = YES;
				CLANG_WARN_SUSPICIOUS_MOVE = YES;
				CLANG_WARN_UNGUARDED_AVAILABILITY = YES_AGGRESSIVE;
				CLANG_WARN_UNREACHABLE_CODE = YES;
				CLANG_WARN__DUPLICATE_METHOD_MATCH = YES;
				COPY_PHASE_STRIP = NO;
				DEBUG_INFORMATION_FORMAT = dwarf;
				ENABLE_STRICT_OBJC_MSGSEND = YES;
				ENABLE_TESTABILITY = YES;
				GCC_C_LANGUAGE_STANDARD = gnu11;
				GCC_DYNAMIC_NO_PIC = NO;
				GCC_NO_COMMON_BLOCKS = YES;
				GCC_OPTIMIZATION_LEVEL = 0;
				GCC_PREPROCESSOR_DEFINITIONS = (
					"DEBUG=1",
					"$(inherited)",
				);
				GCC_WARN_64_TO_32_BIT_CONVERSION = YES;
				GCC_WARN_ABOUT_RETURN_TYPE = YES_ERROR;
				GCC_WARN_UNDECLARED_SELECTOR = YES;
				GCC_WARN_UNINITIALIZED_AUTOS = YES_AGGRESSIVE;
				GCC_WARN_UNUSED_FUNCTION = YES;
				GCC_WARN_UNUSED_VARIABLE = YES;
				IPHONEOS_DEPLOYMENT_TARGET = 15.5;
				MTL_ENABLE_DEBUG_INFO = INCLUDE_SOURCE;
				MTL_FAST_MATH = YES;
				ONLY_ACTIVE_ARCH = YES;
				SDKROOT = iphoneos;
				SWIFT_ACTIVE_COMPILATION_CONDITIONS = DEBUG;
				SWIFT_OPTIMIZATION_LEVEL = "-Onone";
			};
			name = Debug;
		};
		AA27F66328AD073A00516590 /* Release */ = {
			isa = XCBuildConfiguration;
			buildSettings = {
				ALWAYS_SEARCH_USER_PATHS = NO;
				CLANG_ANALYZER_NONNULL = YES;
				CLANG_ANALYZER_NUMBER_OBJECT_CONVERSION = YES_AGGRESSIVE;
				CLANG_CXX_LANGUAGE_STANDARD = "gnu++17";
				CLANG_ENABLE_MODULES = YES;
				CLANG_ENABLE_OBJC_ARC = YES;
				CLANG_ENABLE_OBJC_WEAK = YES;
				CLANG_WARN_BLOCK_CAPTURE_AUTORELEASING = YES;
				CLANG_WARN_BOOL_CONVERSION = YES;
				CLANG_WARN_COMMA = YES;
				CLANG_WARN_CONSTANT_CONVERSION = YES;
				CLANG_WARN_DEPRECATED_OBJC_IMPLEMENTATIONS = YES;
				CLANG_WARN_DIRECT_OBJC_ISA_USAGE = YES_ERROR;
				CLANG_WARN_DOCUMENTATION_COMMENTS = YES;
				CLANG_WARN_EMPTY_BODY = YES;
				CLANG_WARN_ENUM_CONVERSION = YES;
				CLANG_WARN_INFINITE_RECURSION = YES;
				CLANG_WARN_INT_CONVERSION = YES;
				CLANG_WARN_NON_LITERAL_NULL_CONVERSION = YES;
				CLANG_WARN_OBJC_IMPLICIT_RETAIN_SELF = YES;
				CLANG_WARN_OBJC_LITERAL_CONVERSION = YES;
				CLANG_WARN_OBJC_ROOT_CLASS = YES_ERROR;
				CLANG_WARN_QUOTED_INCLUDE_IN_FRAMEWORK_HEADER = YES;
				CLANG_WARN_RANGE_LOOP_ANALYSIS = YES;
				CLANG_WARN_STRICT_PROTOTYPES = YES;
				CLANG_WARN_SUSPICIOUS_MOVE = YES;
				CLANG_WARN_UNGUARDED_AVAILABILITY = YES_AGGRESSIVE;
				CLANG_WARN_UNREACHABLE_CODE = YES;
				CLANG_WARN__DUPLICATE_METHOD_MATCH = YES;
				COPY_PHASE_STRIP = NO;
				DEBUG_INFORMATION_FORMAT = "dwarf-with-dsym";
				ENABLE_NS_ASSERTIONS = NO;
				ENABLE_STRICT_OBJC_MSGSEND = YES;
				GCC_C_LANGUAGE_STANDARD = gnu11;
				GCC_NO_COMMON_BLOCKS = YES;
				GCC_WARN_64_TO_32_BIT_CONVERSION = YES;
				GCC_WARN_ABOUT_RETURN_TYPE = YES_ERROR;
				GCC_WARN_UNDECLARED_SELECTOR = YES;
				GCC_WARN_UNINITIALIZED_AUTOS = YES_AGGRESSIVE;
				GCC_WARN_UNUSED_FUNCTION = YES;
				GCC_WARN_UNUSED_VARIABLE = YES;
				IPHONEOS_DEPLOYMENT_TARGET = 15.5;
				MTL_ENABLE_DEBUG_INFO = NO;
				MTL_FAST_MATH = YES;
				SDKROOT = iphoneos;
				SWIFT_COMPILATION_MODE = wholemodule;
				SWIFT_OPTIMIZATION_LEVEL = "-O";
				VALIDATE_PRODUCT = YES;
			};
			name = Release;
		};
		AA27F66528AD073A00516590 /* Debug */ = {
			isa = XCBuildConfiguration;
			buildSettings = {
				ASSETCATALOG_COMPILER_APPICON_NAME = AppIcon;
				ASSETCATALOG_COMPILER_GLOBAL_ACCENT_COLOR_NAME = AccentColor;
				CODE_SIGN_STYLE = Automatic;
				CURRENT_PROJECT_VERSION = 1;
				GENERATE_INFOPLIST_FILE = YES;
				INFOPLIST_FILE = Navigation/Info.plist;
				INFOPLIST_KEY_UIApplicationSupportsIndirectInputEvents = YES;
				INFOPLIST_KEY_UILaunchStoryboardName = LaunchScreen;
				INFOPLIST_KEY_UISupportedInterfaceOrientations_iPad = "UIInterfaceOrientationPortrait UIInterfaceOrientationPortraitUpsideDown UIInterfaceOrientationLandscapeLeft UIInterfaceOrientationLandscapeRight";
				INFOPLIST_KEY_UISupportedInterfaceOrientations_iPhone = "UIInterfaceOrientationPortrait UIInterfaceOrientationLandscapeLeft UIInterfaceOrientationLandscapeRight";
				LD_RUNPATH_SEARCH_PATHS = (
					"$(inherited)",
					"@executable_path/Frameworks",
				);
				MARKETING_VERSION = 1.0;
				PRODUCT_BUNDLE_IDENTIFIER = stopilsky.Navigation;
				PRODUCT_NAME = "$(TARGET_NAME)";
				SWIFT_EMIT_LOC_STRINGS = YES;
				SWIFT_VERSION = 5.0;
				TARGETED_DEVICE_FAMILY = "1,2";
			};
			name = Debug;
		};
		AA27F66628AD073A00516590 /* Release */ = {
			isa = XCBuildConfiguration;
			buildSettings = {
				ASSETCATALOG_COMPILER_APPICON_NAME = AppIcon;
				ASSETCATALOG_COMPILER_GLOBAL_ACCENT_COLOR_NAME = AccentColor;
				CODE_SIGN_STYLE = Automatic;
				CURRENT_PROJECT_VERSION = 1;
				GENERATE_INFOPLIST_FILE = YES;
				INFOPLIST_FILE = Navigation/Info.plist;
				INFOPLIST_KEY_UIApplicationSupportsIndirectInputEvents = YES;
				INFOPLIST_KEY_UILaunchStoryboardName = LaunchScreen;
				INFOPLIST_KEY_UISupportedInterfaceOrientations_iPad = "UIInterfaceOrientationPortrait UIInterfaceOrientationPortraitUpsideDown UIInterfaceOrientationLandscapeLeft UIInterfaceOrientationLandscapeRight";
				INFOPLIST_KEY_UISupportedInterfaceOrientations_iPhone = "UIInterfaceOrientationPortrait UIInterfaceOrientationLandscapeLeft UIInterfaceOrientationLandscapeRight";
				LD_RUNPATH_SEARCH_PATHS = (
					"$(inherited)",
					"@executable_path/Frameworks",
				);
				MARKETING_VERSION = 1.0;
				PRODUCT_BUNDLE_IDENTIFIER = stopilsky.Navigation;
				PRODUCT_NAME = "$(TARGET_NAME)";
				SWIFT_EMIT_LOC_STRINGS = YES;
				SWIFT_VERSION = 5.0;
				TARGETED_DEVICE_FAMILY = "1,2";
			};
			name = Release;
		};
/* End XCBuildConfiguration section */

/* Begin XCConfigurationList section */
		AA27F64B28AD073700516590 /* Build configuration list for PBXProject "Navigation" */ = {
			isa = XCConfigurationList;
			buildConfigurations = (
				AA27F66228AD073A00516590 /* Debug */,
				AA27F66328AD073A00516590 /* Release */,
			);
			defaultConfigurationIsVisible = 0;
			defaultConfigurationName = Release;
		};
		AA27F66428AD073A00516590 /* Build configuration list for PBXNativeTarget "Navigation" */ = {
			isa = XCConfigurationList;
			buildConfigurations = (
				AA27F66528AD073A00516590 /* Debug */,
				AA27F66628AD073A00516590 /* Release */,
			);
			defaultConfigurationIsVisible = 0;
			defaultConfigurationName = Release;
		};
/* End XCConfigurationList section */
	};
	rootObject = AA27F64828AD073700516590 /* Project object */;
}
